// !$*UTF8*$!
{
	archiveVersion = 1;
	classes = {
	};
	objectVersion = 46;
	objects = {

/* Begin PBXBuildFile section */
		CEC0BFA91CA75B2000CD5DA5 /* AppDelegate.swift in Sources */ = {isa = PBXBuildFile; fileRef = CEC0BFA81CA75B2000CD5DA5 /* AppDelegate.swift */; };
		CEC0BFAB1CA75B2000CD5DA5 /* ViewController.swift in Sources */ = {isa = PBXBuildFile; fileRef = CEC0BFAA1CA75B2000CD5DA5 /* ViewController.swift */; };
		CEC0BFAE1CA75B2000CD5DA5 /* Main.storyboard in Resources */ = {isa = PBXBuildFile; fileRef = CEC0BFAC1CA75B2000CD5DA5 /* Main.storyboard */; };
		CEC0BFB01CA75B2000CD5DA5 /* Assets.xcassets in Resources */ = {isa = PBXBuildFile; fileRef = CEC0BFAF1CA75B2000CD5DA5 /* Assets.xcassets */; };
		CEC0BFB31CA75B2100CD5DA5 /* LaunchScreen.storyboard in Resources */ = {isa = PBXBuildFile; fileRef = CEC0BFB11CA75B2100CD5DA5 /* LaunchScreen.storyboard */; };
		CEC0BFBE1CA75B2100CD5DA5 /* calculadoraIMCTests.swift in Sources */ = {isa = PBXBuildFile; fileRef = CEC0BFBD1CA75B2100CD5DA5 /* calculadoraIMCTests.swift */; };
		CEC0BFC91CA75B2100CD5DA5 /* calculadoraIMCUITests.swift in Sources */ = {isa = PBXBuildFile; fileRef = CEC0BFC81CA75B2100CD5DA5 /* calculadoraIMCUITests.swift */; };
/* End PBXBuildFile section */

/* Begin PBXContainerItemProxy section */
		CEC0BFBA1CA75B2100CD5DA5 /* PBXContainerItemProxy */ = {
			isa = PBXContainerItemProxy;
			containerPortal = CEC0BF9D1CA75B1E00CD5DA5 /* Project object */;
			proxyType = 1;
			remoteGlobalIDString = CEC0BFA41CA75B1F00CD5DA5;
			remoteInfo = calculadoraIMC;
		};
		CEC0BFC51CA75B2100CD5DA5 /* PBXContainerItemProxy */ = {
			isa = PBXContainerItemProxy;
			containerPortal = CEC0BF9D1CA75B1E00CD5DA5 /* Project object */;
			proxyType = 1;
			remoteGlobalIDString = CEC0BFA41CA75B1F00CD5DA5;
			remoteInfo = calculadoraIMC;
		};
/* End PBXContainerItemProxy section */

/* Begin PBXFileReference section */
		CEC0BFA51CA75B1F00CD5DA5 /* calculadoraIMC.app */ = {isa = PBXFileReference; explicitFileType = wrapper.application; includeInIndex = 0; path = calculadoraIMC.app; sourceTree = BUILT_PRODUCTS_DIR; };
		CEC0BFA81CA75B2000CD5DA5 /* AppDelegate.swift */ = {isa = PBXFileReference; lastKnownFileType = sourcecode.swift; path = AppDelegate.swift; sourceTree = "<group>"; };
		CEC0BFAA1CA75B2000CD5DA5 /* ViewController.swift */ = {isa = PBXFileReference; lastKnownFileType = sourcecode.swift; path = ViewController.swift; sourceTree = "<group>"; };
		CEC0BFAD1CA75B2000CD5DA5 /* Base */ = {isa = PBXFileReference; lastKnownFileType = file.storyboard; name = Base; path = Base.lproj/Main.storyboard; sourceTree = "<group>"; };
		CEC0BFAF1CA75B2000CD5DA5 /* Assets.xcassets */ = {isa = PBXFileReference; lastKnownFileType = folder.assetcatalog; path = Assets.xcassets; sourceTree = "<group>"; };
		CEC0BFB21CA75B2100CD5DA5 /* Base */ = {isa = PBXFileReference; lastKnownFileType = file.storyboard; name = Base; path = Base.lproj/LaunchScreen.storyboard; sourceTree = "<group>"; };
		CEC0BFB41CA75B2100CD5DA5 /* Info.plist */ = {isa = PBXFileReference; lastKnownFileType = text.plist.xml; path = Info.plist; sourceTree = "<group>"; };
		CEC0BFB91CA75B2100CD5DA5 /* calculadoraIMCTests.xctest */ = {isa = PBXFileReference; explicitFileType = wrapper.cfbundle; includeInIndex = 0; path = calculadoraIMCTests.xctest; sourceTree = BUILT_PRODUCTS_DIR; };
		CEC0BFBD1CA75B2100CD5DA5 /* calculadoraIMCTests.swift */ = {isa = PBXFileReference; lastKnownFileType = sourcecode.swift; path = calculadoraIMCTests.swift; sourceTree = "<group>"; };
		CEC0BFBF1CA75B2100CD5DA5 /* Info.plist */ = {isa = PBXFileReference; lastKnownFileType = text.plist.xml; path = Info.plist; sourceTree = "<group>"; };
		CEC0BFC41CA75B2100CD5DA5 /* calculadoraIMCUITests.xctest */ = {isa = PBXFileReference; explicitFileType = wrapper.cfbundle; includeInIndex = 0; path = calculadoraIMCUITests.xctest; sourceTree = BUILT_PRODUCTS_DIR; };
		CEC0BFC81CA75B2100CD5DA5 /* calculadoraIMCUITests.swift */ = {isa = PBXFileReference; lastKnownFileType = sourcecode.swift; path = calculadoraIMCUITests.swift; sourceTree = "<group>"; };
		CEC0BFCA1CA75B2100CD5DA5 /* Info.plist */ = {isa = PBXFileReference; lastKnownFileType = text.plist.xml; path = Info.plist; sourceTree = "<group>"; };
/* End PBXFileReference section */

/* Begin PBXFrameworksBuildPhase section */
		CEC0BFA21CA75B1F00CD5DA5 /* Frameworks */ = {
			isa = PBXFrameworksBuildPhase;
			buildActionMask = 2147483647;
			files = (
			);
			runOnlyForDeploymentPostprocessing = 0;
		};
		CEC0BFB61CA75B2100CD5DA5 /* Frameworks */ = {
			isa = PBXFrameworksBuildPhase;
			buildActionMask = 2147483647;
			files = (
			);
			runOnlyForDeploymentPostprocessing = 0;
		};
		CEC0BFC11CA75B2100CD5DA5 /* Frameworks */ = {
			isa = PBXFrameworksBuildPhase;
			buildActionMask = 2147483647;
			files = (
			);
			runOnlyForDeploymentPostprocessing = 0;
		};
/* End PBXFrameworksBuildPhase section */

/* Begin PBXGroup section */
		CEC0BF9C1CA75B1E00CD5DA5 = {
			isa = PBXGroup;
			children = (
				CEC0BFA71CA75B2000CD5DA5 /* calculadoraIMC */,
				CEC0BFBC1CA75B2100CD5DA5 /* calculadoraIMCTests */,
				CEC0BFC71CA75B2100CD5DA5 /* calculadoraIMCUITests */,
				CEC0BFA61CA75B1F00CD5DA5 /* Products */,
			);
			sourceTree = "<group>";
		};
		CEC0BFA61CA75B1F00CD5DA5 /* Products */ = {
			isa = PBXGroup;
			children = (
				CEC0BFA51CA75B1F00CD5DA5 /* calculadoraIMC.app */,
				CEC0BFB91CA75B2100CD5DA5 /* calculadoraIMCTests.xctest */,
				CEC0BFC41CA75B2100CD5DA5 /* calculadoraIMCUITests.xctest */,
			);
			name = Products;
			sourceTree = "<group>";
		};
		CEC0BFA71CA75B2000CD5DA5 /* calculadoraIMC */ = {
			isa = PBXGroup;
			children = (
				CEC0BFA81CA75B2000CD5DA5 /* AppDelegate.swift */,
				CEC0BFAA1CA75B2000CD5DA5 /* ViewController.swift */,
				CEC0BFAC1CA75B2000CD5DA5 /* Main.storyboard */,
				CEC0BFAF1CA75B2000CD5DA5 /* Assets.xcassets */,
				CEC0BFB11CA75B2100CD5DA5 /* LaunchScreen.storyboard */,
				CEC0BFB41CA75B2100CD5DA5 /* Info.plist */,
			);
			path = calculadoraIMC;
			sourceTree = "<group>";
		};
		CEC0BFBC1CA75B2100CD5DA5 /* calculadoraIMCTests */ = {
			isa = PBXGroup;
			children = (
				CEC0BFBD1CA75B2100CD5DA5 /* calculadoraIMCTests.swift */,
				CEC0BFBF1CA75B2100CD5DA5 /* Info.plist */,
			);
			path = calculadoraIMCTests;
			sourceTree = "<group>";
		};
		CEC0BFC71CA75B2100CD5DA5 /* calculadoraIMCUITests */ = {
			isa = PBXGroup;
			children = (
				CEC0BFC81CA75B2100CD5DA5 /* calculadoraIMCUITests.swift */,
				CEC0BFCA1CA75B2100CD5DA5 /* Info.plist */,
			);
			path = calculadoraIMCUITests;
			sourceTree = "<group>";
		};
/* End PBXGroup section */

/* Begin PBXNativeTarget section */
		CEC0BFA41CA75B1F00CD5DA5 /* calculadoraIMC */ = {
			isa = PBXNativeTarget;
			buildConfigurationList = CEC0BFCD1CA75B2100CD5DA5 /* Build configuration list for PBXNativeTarget "calculadoraIMC" */;
			buildPhases = (
				CEC0BFA11CA75B1F00CD5DA5 /* Sources */,
				CEC0BFA21CA75B1F00CD5DA5 /* Frameworks */,
				CEC0BFA31CA75B1F00CD5DA5 /* Resources */,
			);
			buildRules = (
			);
			dependencies = (
			);
			name = calculadoraIMC;
			productName = calculadoraIMC;
			productReference = CEC0BFA51CA75B1F00CD5DA5 /* calculadoraIMC.app */;
			productType = "com.apple.product-type.application";
		};
		CEC0BFB81CA75B2100CD5DA5 /* calculadoraIMCTests */ = {
			isa = PBXNativeTarget;
			buildConfigurationList = CEC0BFD01CA75B2100CD5DA5 /* Build configuration list for PBXNativeTarget "calculadoraIMCTests" */;
			buildPhases = (
				CEC0BFB51CA75B2100CD5DA5 /* Sources */,
				CEC0BFB61CA75B2100CD5DA5 /* Frameworks */,
				CEC0BFB71CA75B2100CD5DA5 /* Resources */,
			);
			buildRules = (
			);
			dependencies = (
				CEC0BFBB1CA75B2100CD5DA5 /* PBXTargetDependency */,
			);
			name = calculadoraIMCTests;
			productName = calculadoraIMCTests;
			productReference = CEC0BFB91CA75B2100CD5DA5 /* calculadoraIMCTests.xctest */;
			productType = "com.apple.product-type.bundle.unit-test";
		};
		CEC0BFC31CA75B2100CD5DA5 /* calculadoraIMCUITests */ = {
			isa = PBXNativeTarget;
			buildConfigurationList = CEC0BFD31CA75B2100CD5DA5 /* Build configuration list for PBXNativeTarget "calculadoraIMCUITests" */;
			buildPhases = (
				CEC0BFC01CA75B2100CD5DA5 /* Sources */,
				CEC0BFC11CA75B2100CD5DA5 /* Frameworks */,
				CEC0BFC21CA75B2100CD5DA5 /* Resources */,
			);
			buildRules = (
			);
			dependencies = (
				CEC0BFC61CA75B2100CD5DA5 /* PBXTargetDependency */,
			);
			name = calculadoraIMCUITests;
			productName = calculadoraIMCUITests;
			productReference = CEC0BFC41CA75B2100CD5DA5 /* calculadoraIMCUITests.xctest */;
			productType = "com.apple.product-type.bundle.ui-testing";
		};
/* End PBXNativeTarget section */

/* Begin PBXProject section */
		CEC0BF9D1CA75B1E00CD5DA5 /* Project object */ = {
			isa = PBXProject;
			attributes = {
				LastSwiftUpdateCheck = 0730;
				LastUpgradeCheck = 0730;
				ORGANIZATIONNAME = "James Montoya";
				TargetAttributes = {
					CEC0BFA41CA75B1F00CD5DA5 = {
						CreatedOnToolsVersion = 7.3;
					};
					CEC0BFB81CA75B2100CD5DA5 = {
						CreatedOnToolsVersion = 7.3;
						TestTargetID = CEC0BFA41CA75B1F00CD5DA5;
					};
					CEC0BFC31CA75B2100CD5DA5 = {
						CreatedOnToolsVersion = 7.3;
						TestTargetID = CEC0BFA41CA75B1F00CD5DA5;
					};
				};
			};
			buildConfigurationList = CEC0BFA01CA75B1E00CD5DA5 /* Build configuration list for PBXProject "calculadoraIMC" */;
			compatibilityVersion = "Xcode 3.2";
			developmentRegion = English;
			hasScannedForEncodings = 0;
			knownRegions = (
				en,
				Base,
			);
			mainGroup = CEC0BF9C1CA75B1E00CD5DA5;
			productRefGroup = CEC0BFA61CA75B1F00CD5DA5 /* Products */;
			projectDirPath = "";
			projectRoot = "";
			targets = (
				CEC0BFA41CA75B1F00CD5DA5 /* calculadoraIMC */,
				CEC0BFB81CA75B2100CD5DA5 /* calculadoraIMCTests */,
				CEC0BFC31CA75B2100CD5DA5 /* calculadoraIMCUITests */,
			);
		};
/* End PBXProject section */

/* Begin PBXResourcesBuildPhase section */
		CEC0BFA31CA75B1F00CD5DA5 /* Resources */ = {
			isa = PBXResourcesBuildPhase;
			buildActionMask = 2147483647;
			files = (
				CEC0BFB31CA75B2100CD5DA5 /* LaunchScreen.storyboard in Resources */,
				CEC0BFB01CA75B2000CD5DA5 /* Assets.xcassets in Resources */,
				CEC0BFAE1CA75B2000CD5DA5 /* Main.storyboard in Resources */,
			);
			runOnlyForDeploymentPostprocessing = 0;
		};
		CEC0BFB71CA75B2100CD5DA5 /* Resources */ = {
			isa = PBXResourcesBuildPhase;
			buildActionMask = 2147483647;
			files = (
			);
			runOnlyForDeploymentPostprocessing = 0;
		};
		CEC0BFC21CA75B2100CD5DA5 /* Resources */ = {
			isa = PBXResourcesBuildPhase;
			buildActionMask = 2147483647;
			files = (
			);
			runOnlyForDeploymentPostprocessing = 0;
		};
/* End PBXResourcesBuildPhase section */

/* Begin PBXSourcesBuildPhase section */
		CEC0BFA11CA75B1F00CD5DA5 /* Sources */ = {
			isa = PBXSourcesBuildPhase;
			buildActionMask = 2147483647;
			files = (
				CEC0BFAB1CA75B2000CD5DA5 /* ViewController.swift in Sources */,
				CEC0BFA91CA75B2000CD5DA5 /* AppDelegate.swift in Sources */,
			);
			runOnlyForDeploymentPostprocessing = 0;
		};
		CEC0BFB51CA75B2100CD5DA5 /* Sources */ = {
			isa = PBXSourcesBuildPhase;
			buildActionMask = 2147483647;
			files = (
				CEC0BFBE1CA75B2100CD5DA5 /* calculadoraIMCTests.swift in Sources */,
			);
			runOnlyForDeploymentPostprocessing = 0;
		};
		CEC0BFC01CA75B2100CD5DA5 /* Sources */ = {
			isa = PBXSourcesBuildPhase;
			buildActionMask = 2147483647;
			files = (
				CEC0BFC91CA75B2100CD5DA5 /* calculadoraIMCUITests.swift in Sources */,
			);
			runOnlyForDeploymentPostprocessing = 0;
		};
/* End PBXSourcesBuildPhase section */

/* Begin PBXTargetDependency section */
		CEC0BFBB1CA75B2100CD5DA5 /* PBXTargetDependency */ = {
			isa = PBXTargetDependency;
			target = CEC0BFA41CA75B1F00CD5DA5 /* calculadoraIMC */;
			targetProxy = CEC0BFBA1CA75B2100CD5DA5 /* PBXContainerItemProxy */;
		};
		CEC0BFC61CA75B2100CD5DA5 /* PBXTargetDependency */ = {
			isa = PBXTargetDependency;
			target = CEC0BFA41CA75B1F00CD5DA5 /* calculadoraIMC */;
			targetProxy = CEC0BFC51CA75B2100CD5DA5 /* PBXContainerItemProxy */;
		};
/* End PBXTargetDependency section */

/* Begin PBXVariantGroup section */
		CEC0BFAC1CA75B2000CD5DA5 /* Main.storyboard */ = {
			isa = PBXVariantGroup;
			children = (
				CEC0BFAD1CA75B2000CD5DA5 /* Base */,
			);
			name = Main.storyboard;
			sourceTree = "<group>";
		};
		CEC0BFB11CA75B2100CD5DA5 /* LaunchScreen.storyboard */ = {
			isa = PBXVariantGroup;
			children = (
				CEC0BFB21CA75B2100CD5DA5 /* Base */,
			);
			name = LaunchScreen.storyboard;
			sourceTree = "<group>";
		};
/* End PBXVariantGroup section */

/* Begin XCBuildConfiguration section */
		CEC0BFCB1CA75B2100CD5DA5 /* Debug */ = {
			isa = XCBuildConfiguration;
			buildSettings = {
				ALWAYS_SEARCH_USER_PATHS = NO;
				CLANG_ANALYZER_NONNULL = YES;
				CLANG_CXX_LANGUAGE_STANDARD = "gnu++0x";
				CLANG_CXX_LIBRARY = "libc++";
				CLANG_ENABLE_MODULES = YES;
				CLANG_ENABLE_OBJC_ARC = YES;
				CLANG_WARN_BOOL_CONVERSION = YES;
				CLANG_WARN_CONSTANT_CONVERSION = YES;
				CLANG_WARN_DIRECT_OBJC_ISA_USAGE = YES_ERROR;
				CLANG_WARN_EMPTY_BODY = YES;
				CLANG_WARN_ENUM_CONVERSION = YES;
				CLANG_WARN_INT_CONVERSION = YES;
				CLANG_WARN_OBJC_ROOT_CLASS = YES_ERROR;
				CLANG_WARN_UNREACHABLE_CODE = YES;
				CLANG_WARN__DUPLICATE_METHOD_MATCH = YES;
				"CODE_SIGN_IDENTITY[sdk=iphoneos*]" = "iPhone Developer";
				COPY_PHASE_STRIP = NO;
				DEBUG_INFORMATION_FORMAT = dwarf;
				ENABLE_STRICT_OBJC_MSGSEND = YES;
				ENABLE_TESTABILITY = YES;
				GCC_C_LANGUAGE_STANDARD = gnu99;
				GCC_DYNAMIC_NO_PIC = NO;
				GCC_NO_COMMON_BLOCKS = YES;
				GCC_OPTIMIZATION_LEVEL = 0;
				GCC_PREPROCESSOR_DEFINITIONS = (
					"DEBUG=1",
					"$(inherited)",
				);
				GCC_WARN_64_TO_32_BIT_CONVERSION = YES;
				GCC_WARN_ABOUT_RETURN_TYPE = YES_ERROR;
				GCC_WARN_UNDECLARED_SELECTOR = YES;
				GCC_WARN_UNINITIALIZED_AUTOS = YES_AGGRESSIVE;
				GCC_WARN_UNUSED_FUNCTION = YES;
				GCC_WARN_UNUSED_VARIABLE = YES;
				IPHONEOS_DEPLOYMENT_TARGET = 9.3;
				MTL_ENABLE_DEBUG_INFO = YES;
				ONLY_ACTIVE_ARCH = YES;
				SDKROOT = iphoneos;
				SWIFT_OPTIMIZATION_LEVEL = "-Onone";
				TARGETED_DEVICE_FAMILY = "1,2";
			};
			name = Debug;
		};
		CEC0BFCC1CA75B2100CD5DA5 /* Release */ = {
			isa = XCBuildConfiguration;
			buildSettings = {
				ALWAYS_SEARCH_USER_PATHS = NO;
				CLANG_ANALYZER_NONNULL = YES;
				CLANG_CXX_LANGUAGE_STANDARD = "gnu++0x";
				CLANG_CXX_LIBRARY = "libc++";
				CLANG_ENABLE_MODULES = YES;
				CLANG_ENABLE_OBJC_ARC = YES;
				CLANG_WARN_BOOL_CONVERSION = YES;
				CLANG_WARN_CONSTANT_CONVERSION = YES;
				CLANG_WARN_DIRECT_OBJC_ISA_USAGE = YES_ERROR;
				CLANG_WARN_EMPTY_BODY = YES;
				CLANG_WARN_ENUM_CONVERSION = YES;
				CLANG_WARN_INT_CONVERSION = YES;
				CLANG_WARN_OBJC_ROOT_CLASS = YES_ERROR;
				CLANG_WARN_UNREACHABLE_CODE = YES;
				CLANG_WARN__DUPLICATE_METHOD_MATCH = YES;
				"CODE_SIGN_IDENTITY[sdk=iphoneos*]" = "iPhone Developer";
				COPY_PHASE_STRIP = NO;
				DEBUG_INFORMATION_FORMAT = "dwarf-with-dsym";
				ENABLE_NS_ASSERTIONS = NO;
				ENABLE_STRICT_OBJC_MSGSEND = YES;
				GCC_C_LANGUAGE_STANDARD = gnu99;
				GCC_NO_COMMON_BLOCKS = YES;
				GCC_WARN_64_TO_32_BIT_CONVERSION = YES;
				GCC_WARN_ABOUT_RETURN_TYPE = YES_ERROR;
				GCC_WARN_UNDECLARED_SELECTOR = YES;
				GCC_WARN_UNINITIALIZED_AUTOS = YES_AGGRESSIVE;
				GCC_WARN_UNUSED_FUNCTION = YES;
				GCC_WARN_UNUSED_VARIABLE = YES;
				IPHONEOS_DEPLOYMENT_TARGET = 9.3;
				MTL_ENABLE_DEBUG_INFO = NO;
				SDKROOT = iphoneos;
				TARGETED_DEVICE_FAMILY = "1,2";
				VALIDATE_PRODUCT = YES;
			};
			name = Release;
		};
		CEC0BFCE1CA75B2100CD5DA5 /* Debug */ = {
			isa = XCBuildConfiguration;
			buildSettings = {
				ASSETCATALOG_COMPILER_APPICON_NAME = AppIcon;
				INFOPLIST_FILE = calculadoraIMC/Info.plist;
				LD_RUNPATH_SEARCH_PATHS = "$(inherited) @executable_path/Frameworks";
				PRODUCT_BUNDLE_IDENTIFIER = com.creativeSoft.calculadoraIMC;
				PRODUCT_NAME = "$(TARGET_NAME)";
			};
			name = Debug;
		};
		CEC0BFCF1CA75B2100CD5DA5 /* Release */ = {
			isa = XCBuildConfiguration;
			buildSettings = {
				ASSETCATALOG_COMPILER_APPICON_NAME = AppIcon;
				INFOPLIST_FILE = calculadoraIMC/Info.plist;
				LD_RUNPATH_SEARCH_PATHS = "$(inherited) @executable_path/Frameworks";
				PRODUCT_BUNDLE_IDENTIFIER = com.creativeSoft.calculadoraIMC;
				PRODUCT_NAME = "$(TARGET_NAME)";
			};
			name = Release;
		};
		CEC0BFD11CA75B2100CD5DA5 /* Debug */ = {
			isa = XCBuildConfiguration;
			buildSettings = {
				BUNDLE_LOADER = "$(TEST_HOST)";
				INFOPLIST_FILE = calculadoraIMCTests/Info.plist;
				LD_RUNPATH_SEARCH_PATHS = "$(inherited) @executable_path/Frameworks @loader_path/Frameworks";
				PRODUCT_BUNDLE_IDENTIFIER = com.creativeSoft.calculadoraIMCTests;
				PRODUCT_NAME = "$(TARGET_NAME)";
				TEST_HOST = "$(BUILT_PRODUCTS_DIR)/calculadoraIMC.app/calculadoraIMC";
			};
			name = Debug;
		};
		CEC0BFD21CA75B2100CD5DA5 /* Release */ = {
			isa = XCBuildConfiguration;
			buildSettings = {
				BUNDLE_LOADER = "$(TEST_HOST)";
				INFOPLIST_FILE = calculadoraIMCTests/Info.plist;
				LD_RUNPATH_SEARCH_PATHS = "$(inherited) @executable_path/Frameworks @loader_path/Frameworks";
				PRODUCT_BUNDLE_IDENTIFIER = com.creativeSoft.calculadoraIMCTests;
				PRODUCT_NAME = "$(TARGET_NAME)";
				TEST_HOST = "$(BUILT_PRODUCTS_DIR)/calculadoraIMC.app/calculadoraIMC";
			};
			name = Release;
		};
		CEC0BFD41CA75B2100CD5DA5 /* Debug */ = {
			isa = XCBuildConfiguration;
			buildSettings = {
				INFOPLIST_FILE = calculadoraIMCUITests/Info.plist;
				LD_RUNPATH_SEARCH_PATHS = "$(inherited) @executable_path/Frameworks @loader_path/Frameworks";
				PRODUCT_BUNDLE_IDENTIFIER = com.creativeSoft.calculadoraIMCUITests;
				PRODUCT_NAME = "$(TARGET_NAME)";
				TEST_TARGET_NAME = calculadoraIMC;
			};
			name = Debug;
		};
		CEC0BFD51CA75B2100CD5DA5 /* Release */ = {
			isa = XCBuildConfiguration;
			buildSettings = {
				INFOPLIST_FILE = calculadoraIMCUITests/Info.plist;
				LD_RUNPATH_SEARCH_PATHS = "$(inherited) @executable_path/Frameworks @loader_path/Frameworks";
				PRODUCT_BUNDLE_IDENTIFIER = com.creativeSoft.calculadoraIMCUITests;
				PRODUCT_NAME = "$(TARGET_NAME)";
				TEST_TARGET_NAME = calculadoraIMC;
			};
			name = Release;
		};
/* End XCBuildConfiguration section */

/* Begin XCConfigurationList section */
		CEC0BFA01CA75B1E00CD5DA5 /* Build configuration list for PBXProject "calculadoraIMC" */ = {
			isa = XCConfigurationList;
			buildConfigurations = (
				CEC0BFCB1CA75B2100CD5DA5 /* Debug */,
				CEC0BFCC1CA75B2100CD5DA5 /* Release */,
			);
			defaultConfigurationIsVisible = 0;
			defaultConfigurationName = Release;
		};
		CEC0BFCD1CA75B2100CD5DA5 /* Build configuration list for PBXNativeTarget "calculadoraIMC" */ = {
			isa = XCConfigurationList;
			buildConfigurations = (
				CEC0BFCE1CA75B2100CD5DA5 /* Debug */,
				CEC0BFCF1CA75B2100CD5DA5 /* Release */,
			);
			defaultConfigurationIsVisible = 0;
		};
		CEC0BFD01CA75B2100CD5DA5 /* Build configuration list for PBXNativeTarget "calculadoraIMCTests" */ = {
			isa = XCConfigurationList;
			buildConfigurations = (
				CEC0BFD11CA75B2100CD5DA5 /* Debug */,
				CEC0BFD21CA75B2100CD5DA5 /* Release */,
			);
			defaultConfigurationIsVisible = 0;
		};
		CEC0BFD31CA75B2100CD5DA5 /* Build configuration list for PBXNativeTarget "calculadoraIMCUITests" */ = {
			isa = XCConfigurationList;
			buildConfigurations = (
				CEC0BFD41CA75B2100CD5DA5 /* Debug */,
				CEC0BFD51CA75B2100CD5DA5 /* Release */,
			);
			defaultConfigurationIsVisible = 0;
		};
/* End XCConfigurationList section */
	};
	rootObject = CEC0BF9D1CA75B1E00CD5DA5 /* Project object */;
}
